
Microsoft Visual Studio Solution File, Format Version 12.00
# Visual Studio 15
VisualStudioVersion = 15.0.28010.2050
MinimumVisualStudioVersion = 10.0.40219.1
Project("{FAE04EC0-301F-11D3-BF4B-00C04F79EFBC}") = "Mars", "Mars\Mars.csproj", "{333D097A-93BE-497B-AE47-2D01BCACA79A}"
EndProject
Project("{FAE04EC0-301F-11D3-BF4B-00C04F79EFBC}") = "Mars.Classes", "Mars.Classes\Mars.Classes.csproj", "{53A30EB5-8A50-4BCF-A771-05B01C014DC1}"
EndProject
Global
	GlobalSection(SolutionConfigurationPlatforms) = preSolution
		Debug|Any CPU = Debug|Any CPU
		Release|Any CPU = Release|Any CPU
	EndGlobalSection
	GlobalSection(ProjectConfigurationPlatforms) = postSolution
		{333D097A-93BE-497B-AE47-2D01BCACA79A}.Debug|Any CPU.ActiveCfg = Debug|Any CPU
		{333D097A-93BE-497B-AE47-2D01BCACA79A}.Debug|Any CPU.Build.0 = Debug|Any CPU
		{333D097A-93BE-497B-AE47-2D01BCACA79A}.Release|Any CPU.ActiveCfg = Release|Any CPU
		{333D097A-93BE-497B-AE47-2D01BCACA79A}.Release|Any CPU.Build.0 = Release|Any CPU
		{53A30EB5-8A50-4BCF-A771-05B01C014DC1}.Debug|Any CPU.ActiveCfg = Debug|Any CPU
		{53A30EB5-8A50-4BCF-A771-05B01C014DC1}.Debug|Any CPU.Build.0 = Debug|Any CPU
		{53A30EB5-8A50-4BCF-A771-05B01C014DC1}.Release|Any CPU.ActiveCfg = Release|Any CPU
		{53A30EB5-8A50-4BCF-A771-05B01C014DC1}.Release|Any CPU.Build.0 = Release|Any CPU
	EndGlobalSection
	GlobalSection(SolutionProperties) = preSolution
		HideSolutionNode = FALSE
	EndGlobalSection
	GlobalSection(ExtensibilityGlobals) = postSolution
		SolutionGuid = {429C192A-0E01-4F5D-8D9F-65672FCDC84C}
	EndGlobalSection
EndGlobal
